
Microsoft Visual Studio Solution File, Format Version 12.00
# Visual Studio Version 16
VisualStudioVersion = 16.0.31410.223
MinimumVisualStudioVersion = 10.0.40219.1
Project("{D954291E-2A0B-460D-934E-DC6B0785DB48}") = "POSUNO.Shared", "POSUNO\POSUNO.Shared\POSUNO.Shared.shproj", "{6279C845-92F8-4333-AB99-3D213163593C}"
EndProject
Project("{2150E333-8FDC-42A3-9474-1A3956D46DE8}") = "Platforms", "Platforms", "{2EC67644-F568-4471-84A1-BB39C5317694}"
EndProject
Project("{FAE04EC0-301F-11D3-BF4B-00C04F79EFBC}") = "POSUNO.Droid", "POSUNO\POSUNO.Droid\POSUNO.Droid.csproj", "{C82A435C-54E3-404D-BBB3-351611242201}"
EndProject
Project("{FAE04EC0-301F-11D3-BF4B-00C04F79EFBC}") = "POSUNO.iOS", "POSUNO\POSUNO.iOS\POSUNO.iOS.csproj", "{B59ED7E2-454E-45F5-86D7-7E0E4A59730C}"
EndProject
Project("{FAE04EC0-301F-11D3-BF4B-00C04F79EFBC}") = "POSUNO.UWP", "POSUNO\POSUNO.UWP\POSUNO.UWP.csproj", "{B48A8982-6585-4B98-ADF4-8C28A3C08897}"
EndProject
Project("{9A19103F-16F7-4668-BE54-9A1E7A4F7556}") = "POSUNO.Wasm", "POSUNO\POSUNO.Wasm\POSUNO.Wasm.csproj", "{DB7A1334-B053-47DF-9749-942BA8DCD9CD}"
EndProject
Project("{FAE04EC0-301F-11D3-BF4B-00C04F79EFBC}") = "POSUNO.macOS", "POSUNO\POSUNO.macOS\POSUNO.macOS.csproj", "{FBB80842-A687-48F6-9783-F4CC199AEC63}"
EndProject
Project("{9A19103F-16F7-4668-BE54-9A1E7A4F7556}") = "POSUNO.Skia.Wpf.Host", "POSUNO\POSUNO.Skia.Wpf.Host\POSUNO.Skia.Wpf.Host.csproj", "{1DC7A815-D60E-42A3-9916-A7718300F961}"
EndProject
Project("{9A19103F-16F7-4668-BE54-9A1E7A4F7556}") = "POSUNO.Skia.Wpf", "POSUNO\POSUNO.Skia.Wpf\POSUNO.Skia.Wpf.csproj", "{50267D2C-B542-48F8-AB24-9A01A0DAD67D}"
EndProject
Project("{9A19103F-16F7-4668-BE54-9A1E7A4F7556}") = "POSUNO.Skia.Gtk", "POSUNO\POSUNO.Skia.Gtk\POSUNO.Skia.Gtk.csproj", "{485D167B-9772-4EBD-8F03-A5BE5F797B73}"
EndProject
Project("{9A19103F-16F7-4668-BE54-9A1E7A4F7556}") = "POSUNO.Skia.Tizen", "POSUNO\POSUNO.Skia.Tizen\POSUNO.Skia.Tizen.csproj", "{F1CDBFBA-6E2C-4ED0-91AA-BECEA09C26AA}"
EndProject
Project("{FAE04EC0-301F-11D3-BF4B-00C04F79EFBC}") = "POSUNO.Api", "POSUNO.Api\POSUNO.Api.csproj", "{2C92FEA4-678E-40A5-BB8A-5348D3789ECC}"
EndProject
Global
	GlobalSection(SharedMSBuildProjectFiles) = preSolution
		POSUNO\POSUNO.Shared\POSUNO.Shared.projitems*{485d167b-9772-4ebd-8f03-a5be5f797b73}*SharedItemsImports = 5
		POSUNO\POSUNO.Shared\POSUNO.Shared.projitems*{50267d2c-b542-48f8-ab24-9a01a0dad67d}*SharedItemsImports = 5
		POSUNO\POSUNO.Shared\POSUNO.Shared.projitems*{6279c845-92f8-4333-ab99-3d213163593c}*SharedItemsImports = 13
		POSUNO\POSUNO.Shared\POSUNO.Shared.projitems*{b48a8982-6585-4b98-adf4-8c28a3c08897}*SharedItemsImports = 4
		POSUNO\POSUNO.Shared\POSUNO.Shared.projitems*{b59ed7e2-454e-45f5-86d7-7e0e4a59730c}*SharedItemsImports = 4
		POSUNO\POSUNO.Shared\POSUNO.Shared.projitems*{c82a435c-54e3-404d-bbb3-351611242201}*SharedItemsImports = 4
		POSUNO\POSUNO.Shared\POSUNO.Shared.projitems*{db7a1334-b053-47df-9749-942ba8dcd9cd}*SharedItemsImports = 5
		POSUNO\POSUNO.Shared\POSUNO.Shared.projitems*{f1cdbfba-6e2c-4ed0-91aa-becea09c26aa}*SharedItemsImports = 5
		POSUNO\POSUNO.Shared\POSUNO.Shared.projitems*{fbb80842-a687-48f6-9783-f4cc199aec63}*SharedItemsImports = 4
	EndGlobalSection
	GlobalSection(SolutionConfigurationPlatforms) = preSolution
		Ad-Hoc|Any CPU = Ad-Hoc|Any CPU
		Ad-Hoc|ARM = Ad-Hoc|ARM
		Ad-Hoc|ARM64 = Ad-Hoc|ARM64
		Ad-Hoc|iPhone = Ad-Hoc|iPhone
		Ad-Hoc|iPhoneSimulator = Ad-Hoc|iPhoneSimulator
		Ad-Hoc|x64 = Ad-Hoc|x64
		Ad-Hoc|x86 = Ad-Hoc|x86
		AppStore|Any CPU = AppStore|Any CPU
		AppStore|ARM = AppStore|ARM
		AppStore|ARM64 = AppStore|ARM64
		AppStore|iPhone = AppStore|iPhone
		AppStore|iPhoneSimulator = AppStore|iPhoneSimulator
		AppStore|x64 = AppStore|x64
		AppStore|x86 = AppStore|x86
		Debug|Any CPU = Debug|Any CPU
		Debug|ARM = Debug|ARM
		Debug|ARM64 = Debug|ARM64
		Debug|iPhone = Debug|iPhone
		Debug|iPhoneSimulator = Debug|iPhoneSimulator
		Debug|x64 = Debug|x64
		Debug|x86 = Debug|x86
		Release|Any CPU = Release|Any CPU
		Release|ARM = Release|ARM
		Release|ARM64 = Release|ARM64
		Release|iPhone = Release|iPhone
		Release|iPhoneSimulator = Release|iPhoneSimulator
		Release|x64 = Release|x64
		Release|x86 = Release|x86
	EndGlobalSection
	GlobalSection(ProjectConfigurationPlatforms) = postSolution
		{C82A435C-54E3-404D-BBB3-351611242201}.Ad-Hoc|Any CPU.ActiveCfg = Debug|Any CPU
		{C82A435C-54E3-404D-BBB3-351611242201}.Ad-Hoc|Any CPU.Build.0 = Debug|Any CPU
		{C82A435C-54E3-404D-BBB3-351611242201}.Ad-Hoc|Any CPU.Deploy.0 = Debug|Any CPU
		{C82A435C-54E3-404D-BBB3-351611242201}.Ad-Hoc|ARM.ActiveCfg = Debug|Any CPU
		{C82A435C-54E3-404D-BBB3-351611242201}.Ad-Hoc|ARM.Build.0 = Debug|Any CPU
		{C82A435C-54E3-404D-BBB3-351611242201}.Ad-Hoc|ARM.Deploy.0 = Debug|Any CPU
		{C82A435C-54E3-404D-BBB3-351611242201}.Ad-Hoc|ARM64.ActiveCfg = Debug|Any CPU
		{C82A435C-54E3-404D-BBB3-351611242201}.Ad-Hoc|ARM64.Build.0 = Debug|Any CPU
		{C82A435C-54E3-404D-BBB3-351611242201}.Ad-Hoc|ARM64.Deploy.0 = Debug|Any CPU
		{C82A435C-54E3-404D-BBB3-351611242201}.Ad-Hoc|iPhone.ActiveCfg = Debug|Any CPU
		{C82A435C-54E3-404D-BBB3-351611242201}.Ad-Hoc|iPhone.Build.0 = Debug|Any CPU
		{C82A435C-54E3-404D-BBB3-351611242201}.Ad-Hoc|iPhone.Deploy.0 = Debug|Any CPU
		{C82A435C-54E3-404D-BBB3-351611242201}.Ad-Hoc|iPhoneSimulator.ActiveCfg = Debug|Any CPU
		{C82A435C-54E3-404D-BBB3-351611242201}.Ad-Hoc|iPhoneSimulator.Build.0 = Debug|Any CPU
		{C82A435C-54E3-404D-BBB3-351611242201}.Ad-Hoc|iPhoneSimulator.Deploy.0 = Debug|Any CPU
		{C82A435C-54E3-404D-BBB3-351611242201}.Ad-Hoc|x64.ActiveCfg = Debug|Any CPU
		{C82A435C-54E3-404D-BBB3-351611242201}.Ad-Hoc|x64.Build.0 = Debug|Any CPU
		{C82A435C-54E3-404D-BBB3-351611242201}.Ad-Hoc|x64.Deploy.0 = Debug|Any CPU
		{C82A435C-54E3-404D-BBB3-351611242201}.Ad-Hoc|x86.ActiveCfg = Debug|Any CPU
		{C82A435C-54E3-404D-BBB3-351611242201}.Ad-Hoc|x86.Build.0 = Debug|Any CPU
		{C82A435C-54E3-404D-BBB3-351611242201}.Ad-Hoc|x86.Deploy.0 = Debug|Any CPU
		{C82A435C-54E3-404D-BBB3-351611242201}.AppStore|Any CPU.ActiveCfg = Debug|Any CPU
		{C82A435C-54E3-404D-BBB3-351611242201}.AppStore|Any CPU.Build.0 = Debug|Any CPU
		{C82A435C-54E3-404D-BBB3-351611242201}.AppStore|Any CPU.Deploy.0 = Debug|Any CPU
		{C82A435C-54E3-404D-BBB3-351611242201}.AppStore|ARM.ActiveCfg = Debug|Any CPU
		{C82A435C-54E3-404D-BBB3-351611242201}.AppStore|ARM.Build.0 = Debug|Any CPU
		{C82A435C-54E3-404D-BBB3-351611242201}.AppStore|ARM.Deploy.0 = Debug|Any CPU
		{C82A435C-54E3-404D-BBB3-351611242201}.AppStore|ARM64.ActiveCfg = Debug|Any CPU
		{C82A435C-54E3-404D-BBB3-351611242201}.AppStore|ARM64.Build.0 = Debug|Any CPU
		{C82A435C-54E3-404D-BBB3-351611242201}.AppStore|ARM64.Deploy.0 = Debug|Any CPU
		{C82A435C-54E3-404D-BBB3-351611242201}.AppStore|iPhone.ActiveCfg = Debug|Any CPU
		{C82A435C-54E3-404D-BBB3-351611242201}.AppStore|iPhone.Build.0 = Debug|Any CPU
		{C82A435C-54E3-404D-BBB3-351611242201}.AppStore|iPhone.Deploy.0 = Debug|Any CPU
		{C82A435C-54E3-404D-BBB3-351611242201}.AppStore|iPhoneSimulator.ActiveCfg = Debug|Any CPU
		{C82A435C-54E3-404D-BBB3-351611242201}.AppStore|iPhoneSimulator.Build.0 = Debug|Any CPU
		{C82A435C-54E3-404D-BBB3-351611242201}.AppStore|iPhoneSimulator.Deploy.0 = Debug|Any CPU
		{C82A435C-54E3-404D-BBB3-351611242201}.AppStore|x64.ActiveCfg = Debug|Any CPU
		{C82A435C-54E3-404D-BBB3-351611242201}.AppStore|x64.Build.0 = Debug|Any CPU
		{C82A435C-54E3-404D-BBB3-351611242201}.AppStore|x64.Deploy.0 = Debug|Any CPU
		{C82A435C-54E3-404D-BBB3-351611242201}.AppStore|x86.ActiveCfg = Debug|Any CPU
		{C82A435C-54E3-404D-BBB3-351611242201}.AppStore|x86.Build.0 = Debug|Any CPU
		{C82A435C-54E3-404D-BBB3-351611242201}.AppStore|x86.Deploy.0 = Debug|Any CPU
		{C82A435C-54E3-404D-BBB3-351611242201}.Debug|Any CPU.ActiveCfg = Debug|Any CPU
		{C82A435C-54E3-404D-BBB3-351611242201}.Debug|Any CPU.Build.0 = Debug|Any CPU
		{C82A435C-54E3-404D-BBB3-351611242201}.Debug|Any CPU.Deploy.0 = Debug|Any CPU
		{C82A435C-54E3-404D-BBB3-351611242201}.Debug|ARM.ActiveCfg = Debug|Any CPU
		{C82A435C-54E3-404D-BBB3-351611242201}.Debug|ARM.Build.0 = Debug|Any CPU
		{C82A435C-54E3-404D-BBB3-351611242201}.Debug|ARM.Deploy.0 = Debug|Any CPU
		{C82A435C-54E3-404D-BBB3-351611242201}.Debug|ARM64.ActiveCfg = Debug|Any CPU
		{C82A435C-54E3-404D-BBB3-351611242201}.Debug|ARM64.Build.0 = Debug|Any CPU
		{C82A435C-54E3-404D-BBB3-351611242201}.Debug|ARM64.Deploy.0 = Debug|Any CPU
		{C82A435C-54E3-404D-BBB3-351611242201}.Debug|iPhone.ActiveCfg = Debug|Any CPU
		{C82A435C-54E3-404D-BBB3-351611242201}.Debug|iPhone.Build.0 = Debug|Any CPU
		{C82A435C-54E3-404D-BBB3-351611242201}.Debug|iPhone.Deploy.0 = Debug|Any CPU
		{C82A435C-54E3-404D-BBB3-351611242201}.Debug|iPhoneSimulator.ActiveCfg = Debug|Any CPU
		{C82A435C-54E3-404D-BBB3-351611242201}.Debug|iPhoneSimulator.Build.0 = Debug|Any CPU
		{C82A435C-54E3-404D-BBB3-351611242201}.Debug|iPhoneSimulator.Deploy.0 = Debug|Any CPU
		{C82A435C-54E3-404D-BBB3-351611242201}.Debug|x64.ActiveCfg = Debug|Any CPU
		{C82A435C-54E3-404D-BBB3-351611242201}.Debug|x64.Build.0 = Debug|Any CPU
		{C82A435C-54E3-404D-BBB3-351611242201}.Debug|x64.Deploy.0 = Debug|Any CPU
		{C82A435C-54E3-404D-BBB3-351611242201}.Debug|x86.ActiveCfg = Debug|Any CPU
		{C82A435C-54E3-404D-BBB3-351611242201}.Debug|x86.Build.0 = Debug|Any CPU
		{C82A435C-54E3-404D-BBB3-351611242201}.Debug|x86.Deploy.0 = Debug|Any CPU
		{C82A435C-54E3-404D-BBB3-351611242201}.Release|Any CPU.ActiveCfg = Release|Any CPU
		{C82A435C-54E3-404D-BBB3-351611242201}.Release|Any CPU.Build.0 = Release|Any CPU
		{C82A435C-54E3-404D-BBB3-351611242201}.Release|Any CPU.Deploy.0 = Release|Any CPU
		{C82A435C-54E3-404D-BBB3-351611242201}.Release|ARM.ActiveCfg = Release|Any CPU
		{C82A435C-54E3-404D-BBB3-351611242201}.Release|ARM.Build.0 = Release|Any CPU
		{C82A435C-54E3-404D-BBB3-351611242201}.Release|ARM.Deploy.0 = Release|Any CPU
		{C82A435C-54E3-404D-BBB3-351611242201}.Release|ARM64.ActiveCfg = Release|Any CPU
		{C82A435C-54E3-404D-BBB3-351611242201}.Release|ARM64.Build.0 = Release|Any CPU
		{C82A435C-54E3-404D-BBB3-351611242201}.Release|ARM64.Deploy.0 = Release|Any CPU
		{C82A435C-54E3-404D-BBB3-351611242201}.Release|iPhone.ActiveCfg = Release|Any CPU
		{C82A435C-54E3-404D-BBB3-351611242201}.Release|iPhone.Build.0 = Release|Any CPU
		{C82A435C-54E3-404D-BBB3-351611242201}.Release|iPhone.Deploy.0 = Release|Any CPU
		{C82A435C-54E3-404D-BBB3-351611242201}.Release|iPhoneSimulator.ActiveCfg = Release|Any CPU
		{C82A435C-54E3-404D-BBB3-351611242201}.Release|iPhoneSimulator.Build.0 = Release|Any CPU
		{C82A435C-54E3-404D-BBB3-351611242201}.Release|iPhoneSimulator.Deploy.0 = Release|Any CPU
		{C82A435C-54E3-404D-BBB3-351611242201}.Release|x64.ActiveCfg = Release|Any CPU
		{C82A435C-54E3-404D-BBB3-351611242201}.Release|x64.Build.0 = Release|Any CPU
		{C82A435C-54E3-404D-BBB3-351611242201}.Release|x64.Deploy.0 = Release|Any CPU
		{C82A435C-54E3-404D-BBB3-351611242201}.Release|x86.ActiveCfg = Release|Any CPU
		{C82A435C-54E3-404D-BBB3-351611242201}.Release|x86.Build.0 = Release|Any CPU
		{C82A435C-54E3-404D-BBB3-351611242201}.Release|x86.Deploy.0 = Release|Any CPU
		{B59ED7E2-454E-45F5-86D7-7E0E4A59730C}.Ad-Hoc|Any CPU.ActiveCfg = Ad-Hoc|iPhoneSimulator
		{B59ED7E2-454E-45F5-86D7-7E0E4A59730C}.Ad-Hoc|ARM.ActiveCfg = Ad-Hoc|iPhoneSimulator
		{B59ED7E2-454E-45F5-86D7-7E0E4A59730C}.Ad-Hoc|ARM64.ActiveCfg = Ad-Hoc|iPhoneSimulator
		{B59ED7E2-454E-45F5-86D7-7E0E4A59730C}.Ad-Hoc|iPhone.ActiveCfg = Ad-Hoc|iPhone
		{B59ED7E2-454E-45F5-86D7-7E0E4A59730C}.Ad-Hoc|iPhone.Build.0 = Ad-Hoc|iPhone
		{B59ED7E2-454E-45F5-86D7-7E0E4A59730C}.Ad-Hoc|iPhoneSimulator.ActiveCfg = Ad-Hoc|iPhoneSimulator
		{B59ED7E2-454E-45F5-86D7-7E0E4A59730C}.Ad-Hoc|iPhoneSimulator.Build.0 = Ad-Hoc|iPhoneSimulator
		{B59ED7E2-454E-45F5-86D7-7E0E4A59730C}.Ad-Hoc|x64.ActiveCfg = Ad-Hoc|iPhoneSimulator
		{B59ED7E2-454E-45F5-86D7-7E0E4A59730C}.Ad-Hoc|x86.ActiveCfg = Ad-Hoc|iPhoneSimulator
		{B59ED7E2-454E-45F5-86D7-7E0E4A59730C}.AppStore|Any CPU.ActiveCfg = AppStore|iPhoneSimulator
		{B59ED7E2-454E-45F5-86D7-7E0E4A59730C}.AppStore|ARM.ActiveCfg = AppStore|iPhoneSimulator
		{B59ED7E2-454E-45F5-86D7-7E0E4A59730C}.AppStore|ARM64.ActiveCfg = AppStore|iPhoneSimulator
		{B59ED7E2-454E-45F5-86D7-7E0E4A59730C}.AppStore|iPhone.ActiveCfg = AppStore|iPhone
		{B59ED7E2-454E-45F5-86D7-7E0E4A59730C}.AppStore|iPhone.Build.0 = AppStore|iPhone
		{B59ED7E2-454E-45F5-86D7-7E0E4A59730C}.AppStore|iPhoneSimulator.ActiveCfg = AppStore|iPhoneSimulator
		{B59ED7E2-454E-45F5-86D7-7E0E4A59730C}.AppStore|iPhoneSimulator.Build.0 = AppStore|iPhoneSimulator
		{B59ED7E2-454E-45F5-86D7-7E0E4A59730C}.AppStore|x64.ActiveCfg = AppStore|iPhoneSimulator
		{B59ED7E2-454E-45F5-86D7-7E0E4A59730C}.AppStore|x86.ActiveCfg = AppStore|iPhoneSimulator
		{B59ED7E2-454E-45F5-86D7-7E0E4A59730C}.Debug|Any CPU.ActiveCfg = Debug|iPhoneSimulator
		{B59ED7E2-454E-45F5-86D7-7E0E4A59730C}.Debug|ARM.ActiveCfg = Debug|iPhoneSimulator
		{B59ED7E2-454E-45F5-86D7-7E0E4A59730C}.Debug|ARM64.ActiveCfg = Debug|iPhoneSimulator
		{B59ED7E2-454E-45F5-86D7-7E0E4A59730C}.Debug|iPhone.ActiveCfg = Debug|iPhone
		{B59ED7E2-454E-45F5-86D7-7E0E4A59730C}.Debug|iPhone.Build.0 = Debug|iPhone
		{B59ED7E2-454E-45F5-86D7-7E0E4A59730C}.Debug|iPhoneSimulator.ActiveCfg = Debug|iPhoneSimulator
		{B59ED7E2-454E-45F5-86D7-7E0E4A59730C}.Debug|iPhoneSimulator.Build.0 = Debug|iPhoneSimulator
		{B59ED7E2-454E-45F5-86D7-7E0E4A59730C}.Debug|x64.ActiveCfg = Debug|iPhoneSimulator
		{B59ED7E2-454E-45F5-86D7-7E0E4A59730C}.Debug|x86.ActiveCfg = Debug|iPhoneSimulator
		{B59ED7E2-454E-45F5-86D7-7E0E4A59730C}.Release|Any CPU.ActiveCfg = Release|iPhoneSimulator
		{B59ED7E2-454E-45F5-86D7-7E0E4A59730C}.Release|ARM.ActiveCfg = Release|iPhoneSimulator
		{B59ED7E2-454E-45F5-86D7-7E0E4A59730C}.Release|ARM64.ActiveCfg = Release|iPhoneSimulator
		{B59ED7E2-454E-45F5-86D7-7E0E4A59730C}.Release|iPhone.ActiveCfg = Release|iPhone
		{B59ED7E2-454E-45F5-86D7-7E0E4A59730C}.Release|iPhone.Build.0 = Release|iPhone
		{B59ED7E2-454E-45F5-86D7-7E0E4A59730C}.Release|iPhoneSimulator.ActiveCfg = Release|iPhoneSimulator
		{B59ED7E2-454E-45F5-86D7-7E0E4A59730C}.Release|iPhoneSimulator.Build.0 = Release|iPhoneSimulator
		{B59ED7E2-454E-45F5-86D7-7E0E4A59730C}.Release|x64.ActiveCfg = Release|iPhoneSimulator
		{B59ED7E2-454E-45F5-86D7-7E0E4A59730C}.Release|x86.ActiveCfg = Release|iPhoneSimulator
		{B48A8982-6585-4B98-ADF4-8C28A3C08897}.Ad-Hoc|Any CPU.ActiveCfg = Debug|x86
		{B48A8982-6585-4B98-ADF4-8C28A3C08897}.Ad-Hoc|Any CPU.Build.0 = Debug|x86
		{B48A8982-6585-4B98-ADF4-8C28A3C08897}.Ad-Hoc|Any CPU.Deploy.0 = Debug|x86
		{B48A8982-6585-4B98-ADF4-8C28A3C08897}.Ad-Hoc|ARM.ActiveCfg = Debug|ARM
		{B48A8982-6585-4B98-ADF4-8C28A3C08897}.Ad-Hoc|ARM.Build.0 = Debug|ARM
		{B48A8982-6585-4B98-ADF4-8C28A3C08897}.Ad-Hoc|ARM.Deploy.0 = Debug|ARM
		{B48A8982-6585-4B98-ADF4-8C28A3C08897}.Ad-Hoc|ARM64.ActiveCfg = Debug|ARM64
		{B48A8982-6585-4B98-ADF4-8C28A3C08897}.Ad-Hoc|ARM64.Build.0 = Debug|ARM64
		{B48A8982-6585-4B98-ADF4-8C28A3C08897}.Ad-Hoc|ARM64.Deploy.0 = Debug|ARM64
		{B48A8982-6585-4B98-ADF4-8C28A3C08897}.Ad-Hoc|iPhone.ActiveCfg = Debug|x86
		{B48A8982-6585-4B98-ADF4-8C28A3C08897}.Ad-Hoc|iPhone.Build.0 = Debug|x86
		{B48A8982-6585-4B98-ADF4-8C28A3C08897}.Ad-Hoc|iPhone.Deploy.0 = Debug|x86
		{B48A8982-6585-4B98-ADF4-8C28A3C08897}.Ad-Hoc|iPhoneSimulator.ActiveCfg = Debug|x86
		{B48A8982-6585-4B98-ADF4-8C28A3C08897}.Ad-Hoc|iPhoneSimulator.Build.0 = Debug|x86
		{B48A8982-6585-4B98-ADF4-8C28A3C08897}.Ad-Hoc|iPhoneSimulator.Deploy.0 = Debug|x86
		{B48A8982-6585-4B98-ADF4-8C28A3C08897}.Ad-Hoc|x64.ActiveCfg = Debug|x64
		{B48A8982-6585-4B98-ADF4-8C28A3C08897}.Ad-Hoc|x64.Build.0 = Debug|x64
		{B48A8982-6585-4B98-ADF4-8C28A3C08897}.Ad-Hoc|x64.Deploy.0 = Debug|x64
		{B48A8982-6585-4B98-ADF4-8C28A3C08897}.Ad-Hoc|x86.ActiveCfg = Debug|x86
		{B48A8982-6585-4B98-ADF4-8C28A3C08897}.Ad-Hoc|x86.Build.0 = Debug|x86
		{B48A8982-6585-4B98-ADF4-8C28A3C08897}.Ad-Hoc|x86.Deploy.0 = Debug|x86
		{B48A8982-6585-4B98-ADF4-8C28A3C08897}.AppStore|Any CPU.ActiveCfg = Debug|x86
		{B48A8982-6585-4B98-ADF4-8C28A3C08897}.AppStore|Any CPU.Build.0 = Debug|x86
		{B48A8982-6585-4B98-ADF4-8C28A3C08897}.AppStore|Any CPU.Deploy.0 = Debug|x86
		{B48A8982-6585-4B98-ADF4-8C28A3C08897}.AppStore|ARM.ActiveCfg = Debug|ARM
		{B48A8982-6585-4B98-ADF4-8C28A3C08897}.AppStore|ARM.Build.0 = Debug|ARM
		{B48A8982-6585-4B98-ADF4-8C28A3C08897}.AppStore|ARM.Deploy.0 = Debug|ARM
		{B48A8982-6585-4B98-ADF4-8C28A3C08897}.AppStore|ARM64.ActiveCfg = Debug|ARM64
		{B48A8982-6585-4B98-ADF4-8C28A3C08897}.AppStore|ARM64.Build.0 = Debug|ARM64
		{B48A8982-6585-4B98-ADF4-8C28A3C08897}.AppStore|ARM64.Deploy.0 = Debug|ARM64
		{B48A8982-6585-4B98-ADF4-8C28A3C08897}.AppStore|iPhone.ActiveCfg = Debug|x86
		{B48A8982-6585-4B98-ADF4-8C28A3C08897}.AppStore|iPhone.Build.0 = Debug|x86
		{B48A8982-6585-4B98-ADF4-8C28A3C08897}.AppStore|iPhone.Deploy.0 = Debug|x86
		{B48A8982-6585-4B98-ADF4-8C28A3C08897}.AppStore|iPhoneSimulator.ActiveCfg = Debug|x86
		{B48A8982-6585-4B98-ADF4-8C28A3C08897}.AppStore|iPhoneSimulator.Build.0 = Debug|x86
		{B48A8982-6585-4B98-ADF4-8C28A3C08897}.AppStore|iPhoneSimulator.Deploy.0 = Debug|x86
		{B48A8982-6585-4B98-ADF4-8C28A3C08897}.AppStore|x64.ActiveCfg = Debug|x64
		{B48A8982-6585-4B98-ADF4-8C28A3C08897}.AppStore|x64.Build.0 = Debug|x64
		{B48A8982-6585-4B98-ADF4-8C28A3C08897}.AppStore|x64.Deploy.0 = Debug|x64
		{B48A8982-6585-4B98-ADF4-8C28A3C08897}.AppStore|x86.ActiveCfg = Debug|x86
		{B48A8982-6585-4B98-ADF4-8C28A3C08897}.AppStore|x86.Build.0 = Debug|x86
		{B48A8982-6585-4B98-ADF4-8C28A3C08897}.AppStore|x86.Deploy.0 = Debug|x86
		{B48A8982-6585-4B98-ADF4-8C28A3C08897}.Debug|Any CPU.ActiveCfg = Debug|x86
		{B48A8982-6585-4B98-ADF4-8C28A3C08897}.Debug|Any CPU.Build.0 = Debug|x86
		{B48A8982-6585-4B98-ADF4-8C28A3C08897}.Debug|Any CPU.Deploy.0 = Debug|x86
		{B48A8982-6585-4B98-ADF4-8C28A3C08897}.Debug|ARM.ActiveCfg = Debug|ARM
		{B48A8982-6585-4B98-ADF4-8C28A3C08897}.Debug|ARM.Build.0 = Debug|ARM
		{B48A8982-6585-4B98-ADF4-8C28A3C08897}.Debug|ARM.Deploy.0 = Debug|ARM
		{B48A8982-6585-4B98-ADF4-8C28A3C08897}.Debug|ARM64.ActiveCfg = Debug|ARM64
		{B48A8982-6585-4B98-ADF4-8C28A3C08897}.Debug|ARM64.Build.0 = Debug|ARM64
		{B48A8982-6585-4B98-ADF4-8C28A3C08897}.Debug|ARM64.Deploy.0 = Debug|ARM64
		{B48A8982-6585-4B98-ADF4-8C28A3C08897}.Debug|iPhone.ActiveCfg = Debug|x86
		{B48A8982-6585-4B98-ADF4-8C28A3C08897}.Debug|iPhoneSimulator.ActiveCfg = Debug|x86
		{B48A8982-6585-4B98-ADF4-8C28A3C08897}.Debug|x64.ActiveCfg = Debug|x64
		{B48A8982-6585-4B98-ADF4-8C28A3C08897}.Debug|x64.Build.0 = Debug|x64
		{B48A8982-6585-4B98-ADF4-8C28A3C08897}.Debug|x64.Deploy.0 = Debug|x64
		{B48A8982-6585-4B98-ADF4-8C28A3C08897}.Debug|x86.ActiveCfg = Debug|x86
		{B48A8982-6585-4B98-ADF4-8C28A3C08897}.Debug|x86.Build.0 = Debug|x86
		{B48A8982-6585-4B98-ADF4-8C28A3C08897}.Debug|x86.Deploy.0 = Debug|x86
		{B48A8982-6585-4B98-ADF4-8C28A3C08897}.Release|Any CPU.ActiveCfg = Release|x86
		{B48A8982-6585-4B98-ADF4-8C28A3C08897}.Release|ARM.ActiveCfg = Release|ARM
		{B48A8982-6585-4B98-ADF4-8C28A3C08897}.Release|ARM.Build.0 = Release|ARM
		{B48A8982-6585-4B98-ADF4-8C28A3C08897}.Release|ARM.Deploy.0 = Release|ARM
		{B48A8982-6585-4B98-ADF4-8C28A3C08897}.Release|ARM64.ActiveCfg = Release|ARM64
		{B48A8982-6585-4B98-ADF4-8C28A3C08897}.Release|ARM64.Build.0 = Release|ARM64
		{B48A8982-6585-4B98-ADF4-8C28A3C08897}.Release|ARM64.Deploy.0 = Release|ARM64
		{B48A8982-6585-4B98-ADF4-8C28A3C08897}.Release|iPhone.ActiveCfg = Release|x86
		{B48A8982-6585-4B98-ADF4-8C28A3C08897}.Release|iPhoneSimulator.ActiveCfg = Release|x86
		{B48A8982-6585-4B98-ADF4-8C28A3C08897}.Release|x64.ActiveCfg = Release|x64
		{B48A8982-6585-4B98-ADF4-8C28A3C08897}.Release|x64.Build.0 = Release|x64
		{B48A8982-6585-4B98-ADF4-8C28A3C08897}.Release|x64.Deploy.0 = Release|x64
		{B48A8982-6585-4B98-ADF4-8C28A3C08897}.Release|x86.ActiveCfg = Release|x86
		{B48A8982-6585-4B98-ADF4-8C28A3C08897}.Release|x86.Build.0 = Release|x86
		{B48A8982-6585-4B98-ADF4-8C28A3C08897}.Release|x86.Deploy.0 = Release|x86
		{DB7A1334-B053-47DF-9749-942BA8DCD9CD}.Ad-Hoc|Any CPU.ActiveCfg = Debug|Any CPU
		{DB7A1334-B053-47DF-9749-942BA8DCD9CD}.Ad-Hoc|Any CPU.Build.0 = Debug|Any CPU
		{DB7A1334-B053-47DF-9749-942BA8DCD9CD}.Ad-Hoc|ARM.ActiveCfg = Debug|Any CPU
		{DB7A1334-B053-47DF-9749-942BA8DCD9CD}.Ad-Hoc|ARM.Build.0 = Debug|Any CPU
		{DB7A1334-B053-47DF-9749-942BA8DCD9CD}.Ad-Hoc|ARM64.ActiveCfg = Debug|Any CPU
		{DB7A1334-B053-47DF-9749-942BA8DCD9CD}.Ad-Hoc|ARM64.Build.0 = Debug|Any CPU
		{DB7A1334-B053-47DF-9749-942BA8DCD9CD}.Ad-Hoc|iPhone.ActiveCfg = Debug|Any CPU
		{DB7A1334-B053-47DF-9749-942BA8DCD9CD}.Ad-Hoc|iPhone.Build.0 = Debug|Any CPU
		{DB7A1334-B053-47DF-9749-942BA8DCD9CD}.Ad-Hoc|iPhoneSimulator.ActiveCfg = Debug|Any CPU
		{DB7A1334-B053-47DF-9749-942BA8DCD9CD}.Ad-Hoc|iPhoneSimulator.Build.0 = Debug|Any CPU
		{DB7A1334-B053-47DF-9749-942BA8DCD9CD}.Ad-Hoc|x64.ActiveCfg = Debug|Any CPU
		{DB7A1334-B053-47DF-9749-942BA8DCD9CD}.Ad-Hoc|x64.Build.0 = Debug|Any CPU
		{DB7A1334-B053-47DF-9749-942BA8DCD9CD}.Ad-Hoc|x86.ActiveCfg = Debug|Any CPU
		{DB7A1334-B053-47DF-9749-942BA8DCD9CD}.Ad-Hoc|x86.Build.0 = Debug|Any CPU
		{DB7A1334-B053-47DF-9749-942BA8DCD9CD}.AppStore|Any CPU.ActiveCfg = Debug|Any CPU
		{DB7A1334-B053-47DF-9749-942BA8DCD9CD}.AppStore|Any CPU.Build.0 = Debug|Any CPU
		{DB7A1334-B053-47DF-9749-942BA8DCD9CD}.AppStore|ARM.ActiveCfg = Debug|Any CPU
		{DB7A1334-B053-47DF-9749-942BA8DCD9CD}.AppStore|ARM.Build.0 = Debug|Any CPU
		{DB7A1334-B053-47DF-9749-942BA8DCD9CD}.AppStore|ARM64.ActiveCfg = Debug|Any CPU
		{DB7A1334-B053-47DF-9749-942BA8DCD9CD}.AppStore|ARM64.Build.0 = Debug|Any CPU
		{DB7A1334-B053-47DF-9749-942BA8DCD9CD}.AppStore|iPhone.ActiveCfg = Debug|Any CPU
		{DB7A1334-B053-47DF-9749-942BA8DCD9CD}.AppStore|iPhone.Build.0 = Debug|Any CPU
		{DB7A1334-B053-47DF-9749-942BA8DCD9CD}.AppStore|iPhoneSimulator.ActiveCfg = Debug|Any CPU
		{DB7A1334-B053-47DF-9749-942BA8DCD9CD}.AppStore|iPhoneSimulator.Build.0 = Debug|Any CPU
		{DB7A1334-B053-47DF-9749-942BA8DCD9CD}.AppStore|x64.ActiveCfg = Debug|Any CPU
		{DB7A1334-B053-47DF-9749-942BA8DCD9CD}.AppStore|x64.Build.0 = Debug|Any CPU
		{DB7A1334-B053-47DF-9749-942BA8DCD9CD}.AppStore|x86.ActiveCfg = Debug|Any CPU
		{DB7A1334-B053-47DF-9749-942BA8DCD9CD}.AppStore|x86.Build.0 = Debug|Any CPU
		{DB7A1334-B053-47DF-9749-942BA8DCD9CD}.Debug|Any CPU.ActiveCfg = Debug|Any CPU
		{DB7A1334-B053-47DF-9749-942BA8DCD9CD}.Debug|Any CPU.Build.0 = Debug|Any CPU
		{DB7A1334-B053-47DF-9749-942BA8DCD9CD}.Debug|ARM.ActiveCfg = Debug|Any CPU
		{DB7A1334-B053-47DF-9749-942BA8DCD9CD}.Debug|ARM.Build.0 = Debug|Any CPU
		{DB7A1334-B053-47DF-9749-942BA8DCD9CD}.Debug|ARM64.ActiveCfg = Debug|Any CPU
		{DB7A1334-B053-47DF-9749-942BA8DCD9CD}.Debug|ARM64.Build.0 = Debug|Any CPU
		{DB7A1334-B053-47DF-9749-942BA8DCD9CD}.Debug|iPhone.ActiveCfg = Debug|Any CPU
		{DB7A1334-B053-47DF-9749-942BA8DCD9CD}.Debug|iPhone.Build.0 = Debug|Any CPU
		{DB7A1334-B053-47DF-9749-942BA8DCD9CD}.Debug|iPhoneSimulator.ActiveCfg = Debug|Any CPU
		{DB7A1334-B053-47DF-9749-942BA8DCD9CD}.Debug|iPhoneSimulator.Build.0 = Debug|Any CPU
		{DB7A1334-B053-47DF-9749-942BA8DCD9CD}.Debug|x64.ActiveCfg = Debug|Any CPU
		{DB7A1334-B053-47DF-9749-942BA8DCD9CD}.Debug|x64.Build.0 = Debug|Any CPU
		{DB7A1334-B053-47DF-9749-942BA8DCD9CD}.Debug|x86.ActiveCfg = Debug|Any CPU
		{DB7A1334-B053-47DF-9749-942BA8DCD9CD}.Debug|x86.Build.0 = Debug|Any CPU
		{DB7A1334-B053-47DF-9749-942BA8DCD9CD}.Release|Any CPU.ActiveCfg = Release|Any CPU
		{DB7A1334-B053-47DF-9749-942BA8DCD9CD}.Release|Any CPU.Build.0 = Release|Any CPU
		{DB7A1334-B053-47DF-9749-942BA8DCD9CD}.Release|ARM.ActiveCfg = Release|Any CPU
		{DB7A1334-B053-47DF-9749-942BA8DCD9CD}.Release|ARM.Build.0 = Release|Any CPU
		{DB7A1334-B053-47DF-9749-942BA8DCD9CD}.Release|ARM64.ActiveCfg = Release|Any CPU
		{DB7A1334-B053-47DF-9749-942BA8DCD9CD}.Release|ARM64.Build.0 = Release|Any CPU
		{DB7A1334-B053-47DF-9749-942BA8DCD9CD}.Release|iPhone.ActiveCfg = Release|Any CPU
		{DB7A1334-B053-47DF-9749-942BA8DCD9CD}.Release|iPhone.Build.0 = Release|Any CPU
		{DB7A1334-B053-47DF-9749-942BA8DCD9CD}.Release|iPhoneSimulator.ActiveCfg = Release|Any CPU
		{DB7A1334-B053-47DF-9749-942BA8DCD9CD}.Release|iPhoneSimulator.Build.0 = Release|Any CPU
		{DB7A1334-B053-47DF-9749-942BA8DCD9CD}.Release|x64.ActiveCfg = Release|Any CPU
		{DB7A1334-B053-47DF-9749-942BA8DCD9CD}.Release|x64.Build.0 = Release|Any CPU
		{DB7A1334-B053-47DF-9749-942BA8DCD9CD}.Release|x86.ActiveCfg = Release|Any CPU
		{DB7A1334-B053-47DF-9749-942BA8DCD9CD}.Release|x86.Build.0 = Release|Any CPU
		{FBB80842-A687-48F6-9783-F4CC199AEC63}.Ad-Hoc|Any CPU.ActiveCfg = Debug|iPhoneSimulator
		{FBB80842-A687-48F6-9783-F4CC199AEC63}.Ad-Hoc|Any CPU.Build.0 = Debug|iPhoneSimulator
		{FBB80842-A687-48F6-9783-F4CC199AEC63}.Ad-Hoc|ARM.ActiveCfg = Debug|iPhoneSimulator
		{FBB80842-A687-48F6-9783-F4CC199AEC63}.Ad-Hoc|ARM.Build.0 = Debug|iPhoneSimulator
		{FBB80842-A687-48F6-9783-F4CC199AEC63}.Ad-Hoc|ARM64.ActiveCfg = Debug|iPhoneSimulator
		{FBB80842-A687-48F6-9783-F4CC199AEC63}.Ad-Hoc|ARM64.Build.0 = Debug|iPhoneSimulator
		{FBB80842-A687-48F6-9783-F4CC199AEC63}.Ad-Hoc|iPhone.ActiveCfg = Debug|iPhoneSimulator
		{FBB80842-A687-48F6-9783-F4CC199AEC63}.Ad-Hoc|iPhone.Build.0 = Debug|iPhoneSimulator
		{FBB80842-A687-48F6-9783-F4CC199AEC63}.Ad-Hoc|iPhoneSimulator.ActiveCfg = Debug|iPhoneSimulator
		{FBB80842-A687-48F6-9783-F4CC199AEC63}.Ad-Hoc|iPhoneSimulator.Build.0 = Debug|iPhoneSimulator
		{FBB80842-A687-48F6-9783-F4CC199AEC63}.Ad-Hoc|x64.ActiveCfg = Debug|iPhoneSimulator
		{FBB80842-A687-48F6-9783-F4CC199AEC63}.Ad-Hoc|x64.Build.0 = Debug|iPhoneSimulator
		{FBB80842-A687-48F6-9783-F4CC199AEC63}.Ad-Hoc|x86.ActiveCfg = Debug|iPhoneSimulator
		{FBB80842-A687-48F6-9783-F4CC199AEC63}.Ad-Hoc|x86.Build.0 = Debug|iPhoneSimulator
		{FBB80842-A687-48F6-9783-F4CC199AEC63}.AppStore|Any CPU.ActiveCfg = Debug|iPhoneSimulator
		{FBB80842-A687-48F6-9783-F4CC199AEC63}.AppStore|Any CPU.Build.0 = Debug|iPhoneSimulator
		{FBB80842-A687-48F6-9783-F4CC199AEC63}.AppStore|ARM.ActiveCfg = Debug|iPhoneSimulator
		{FBB80842-A687-48F6-9783-F4CC199AEC63}.AppStore|ARM.Build.0 = Debug|iPhoneSimulator
		{FBB80842-A687-48F6-9783-F4CC199AEC63}.AppStore|ARM64.ActiveCfg = Debug|iPhoneSimulator
		{FBB80842-A687-48F6-9783-F4CC199AEC63}.AppStore|ARM64.Build.0 = Debug|iPhoneSimulator
		{FBB80842-A687-48F6-9783-F4CC199AEC63}.AppStore|iPhone.ActiveCfg = Debug|iPhoneSimulator
		{FBB80842-A687-48F6-9783-F4CC199AEC63}.AppStore|iPhone.Build.0 = Debug|iPhoneSimulator
		{FBB80842-A687-48F6-9783-F4CC199AEC63}.AppStore|iPhoneSimulator.ActiveCfg = Debug|iPhoneSimulator
		{FBB80842-A687-48F6-9783-F4CC199AEC63}.AppStore|iPhoneSimulator.Build.0 = Debug|iPhoneSimulator
		{FBB80842-A687-48F6-9783-F4CC199AEC63}.AppStore|x64.ActiveCfg = Debug|iPhoneSimulator
		{FBB80842-A687-48F6-9783-F4CC199AEC63}.AppStore|x64.Build.0 = Debug|iPhoneSimulator
		{FBB80842-A687-48F6-9783-F4CC199AEC63}.AppStore|x86.ActiveCfg = Debug|iPhoneSimulator
		{FBB80842-A687-48F6-9783-F4CC199AEC63}.AppStore|x86.Build.0 = Debug|iPhoneSimulator
		{FBB80842-A687-48F6-9783-F4CC199AEC63}.Debug|Any CPU.ActiveCfg = Debug|iPhoneSimulator
		{FBB80842-A687-48F6-9783-F4CC199AEC63}.Debug|ARM.ActiveCfg = Debug|iPhoneSimulator
		{FBB80842-A687-48F6-9783-F4CC199AEC63}.Debug|ARM64.ActiveCfg = Debug|iPhoneSimulator
		{FBB80842-A687-48F6-9783-F4CC199AEC63}.Debug|iPhone.ActiveCfg = Debug|iPhoneSimulator
		{FBB80842-A687-48F6-9783-F4CC199AEC63}.Debug|iPhoneSimulator.ActiveCfg = Debug|iPhoneSimulator
		{FBB80842-A687-48F6-9783-F4CC199AEC63}.Debug|iPhoneSimulator.Build.0 = Debug|iPhoneSimulator
		{FBB80842-A687-48F6-9783-F4CC199AEC63}.Debug|x64.ActiveCfg = Debug|iPhoneSimulator
		{FBB80842-A687-48F6-9783-F4CC199AEC63}.Debug|x86.ActiveCfg = Debug|iPhoneSimulator
		{FBB80842-A687-48F6-9783-F4CC199AEC63}.Release|Any CPU.ActiveCfg = Release|iPhoneSimulator
		{FBB80842-A687-48F6-9783-F4CC199AEC63}.Release|ARM.ActiveCfg = Release|iPhoneSimulator
		{FBB80842-A687-48F6-9783-F4CC199AEC63}.Release|ARM64.ActiveCfg = Release|iPhoneSimulator
		{FBB80842-A687-48F6-9783-F4CC199AEC63}.Release|iPhone.ActiveCfg = Release|iPhoneSimulator
		{FBB80842-A687-48F6-9783-F4CC199AEC63}.Release|iPhoneSimulator.ActiveCfg = Release|iPhoneSimulator
		{FBB80842-A687-48F6-9783-F4CC199AEC63}.Release|iPhoneSimulator.Build.0 = Release|iPhoneSimulator
		{FBB80842-A687-48F6-9783-F4CC199AEC63}.Release|x64.ActiveCfg = Release|iPhoneSimulator
		{FBB80842-A687-48F6-9783-F4CC199AEC63}.Release|x86.ActiveCfg = Release|iPhoneSimulator
		{1DC7A815-D60E-42A3-9916-A7718300F961}.Ad-Hoc|Any CPU.ActiveCfg = Debug|Any CPU
		{1DC7A815-D60E-42A3-9916-A7718300F961}.Ad-Hoc|Any CPU.Build.0 = Debug|Any CPU
		{1DC7A815-D60E-42A3-9916-A7718300F961}.Ad-Hoc|ARM.ActiveCfg = Debug|Any CPU
		{1DC7A815-D60E-42A3-9916-A7718300F961}.Ad-Hoc|ARM.Build.0 = Debug|Any CPU
		{1DC7A815-D60E-42A3-9916-A7718300F961}.Ad-Hoc|ARM64.ActiveCfg = Debug|Any CPU
		{1DC7A815-D60E-42A3-9916-A7718300F961}.Ad-Hoc|ARM64.Build.0 = Debug|Any CPU
		{1DC7A815-D60E-42A3-9916-A7718300F961}.Ad-Hoc|iPhone.ActiveCfg = Debug|Any CPU
		{1DC7A815-D60E-42A3-9916-A7718300F961}.Ad-Hoc|iPhone.Build.0 = Debug|Any CPU
		{1DC7A815-D60E-42A3-9916-A7718300F961}.Ad-Hoc|iPhoneSimulator.ActiveCfg = Debug|Any CPU
		{1DC7A815-D60E-42A3-9916-A7718300F961}.Ad-Hoc|iPhoneSimulator.Build.0 = Debug|Any CPU
		{1DC7A815-D60E-42A3-9916-A7718300F961}.Ad-Hoc|x64.ActiveCfg = Debug|Any CPU
		{1DC7A815-D60E-42A3-9916-A7718300F961}.Ad-Hoc|x64.Build.0 = Debug|Any CPU
		{1DC7A815-D60E-42A3-9916-A7718300F961}.Ad-Hoc|x86.ActiveCfg = Debug|Any CPU
		{1DC7A815-D60E-42A3-9916-A7718300F961}.Ad-Hoc|x86.Build.0 = Debug|Any CPU
		{1DC7A815-D60E-42A3-9916-A7718300F961}.AppStore|Any CPU.ActiveCfg = Debug|Any CPU
		{1DC7A815-D60E-42A3-9916-A7718300F961}.AppStore|Any CPU.Build.0 = Debug|Any CPU
		{1DC7A815-D60E-42A3-9916-A7718300F961}.AppStore|ARM.ActiveCfg = Debug|Any CPU
		{1DC7A815-D60E-42A3-9916-A7718300F961}.AppStore|ARM.Build.0 = Debug|Any CPU
		{1DC7A815-D60E-42A3-9916-A7718300F961}.AppStore|ARM64.ActiveCfg = Debug|Any CPU
		{1DC7A815-D60E-42A3-9916-A7718300F961}.AppStore|ARM64.Build.0 = Debug|Any CPU
		{1DC7A815-D60E-42A3-9916-A7718300F961}.AppStore|iPhone.ActiveCfg = Debug|Any CPU
		{1DC7A815-D60E-42A3-9916-A7718300F961}.AppStore|iPhone.Build.0 = Debug|Any CPU
		{1DC7A815-D60E-42A3-9916-A7718300F961}.AppStore|iPhoneSimulator.ActiveCfg = Debug|Any CPU
		{1DC7A815-D60E-42A3-9916-A7718300F961}.AppStore|iPhoneSimulator.Build.0 = Debug|Any CPU
		{1DC7A815-D60E-42A3-9916-A7718300F961}.AppStore|x64.ActiveCfg = Debug|Any CPU
		{1DC7A815-D60E-42A3-9916-A7718300F961}.AppStore|x64.Build.0 = Debug|Any CPU
		{1DC7A815-D60E-42A3-9916-A7718300F961}.AppStore|x86.ActiveCfg = Debug|Any CPU
		{1DC7A815-D60E-42A3-9916-A7718300F961}.AppStore|x86.Build.0 = Debug|Any CPU
		{1DC7A815-D60E-42A3-9916-A7718300F961}.Debug|Any CPU.ActiveCfg = Debug|Any CPU
		{1DC7A815-D60E-42A3-9916-A7718300F961}.Debug|Any CPU.Build.0 = Debug|Any CPU
		{1DC7A815-D60E-42A3-9916-A7718300F961}.Debug|ARM.ActiveCfg = Debug|Any CPU
		{1DC7A815-D60E-42A3-9916-A7718300F961}.Debug|ARM.Build.0 = Debug|Any CPU
		{1DC7A815-D60E-42A3-9916-A7718300F961}.Debug|ARM64.ActiveCfg = Debug|Any CPU
		{1DC7A815-D60E-42A3-9916-A7718300F961}.Debug|ARM64.Build.0 = Debug|Any CPU
		{1DC7A815-D60E-42A3-9916-A7718300F961}.Debug|iPhone.ActiveCfg = Debug|Any CPU
		{1DC7A815-D60E-42A3-9916-A7718300F961}.Debug|iPhone.Build.0 = Debug|Any CPU
		{1DC7A815-D60E-42A3-9916-A7718300F961}.Debug|iPhoneSimulator.ActiveCfg = Debug|Any CPU
		{1DC7A815-D60E-42A3-9916-A7718300F961}.Debug|iPhoneSimulator.Build.0 = Debug|Any CPU
		{1DC7A815-D60E-42A3-9916-A7718300F961}.Debug|x64.ActiveCfg = Debug|Any CPU
		{1DC7A815-D60E-42A3-9916-A7718300F961}.Debug|x64.Build.0 = Debug|Any CPU
		{1DC7A815-D60E-42A3-9916-A7718300F961}.Debug|x86.ActiveCfg = Debug|Any CPU
		{1DC7A815-D60E-42A3-9916-A7718300F961}.Debug|x86.Build.0 = Debug|Any CPU
		{1DC7A815-D60E-42A3-9916-A7718300F961}.Release|Any CPU.ActiveCfg = Release|Any CPU
		{1DC7A815-D60E-42A3-9916-A7718300F961}.Release|Any CPU.Build.0 = Release|Any CPU
		{1DC7A815-D60E-42A3-9916-A7718300F961}.Release|ARM.ActiveCfg = Release|Any CPU
		{1DC7A815-D60E-42A3-9916-A7718300F961}.Release|ARM.Build.0 = Release|Any CPU
		{1DC7A815-D60E-42A3-9916-A7718300F961}.Release|ARM64.ActiveCfg = Release|Any CPU
		{1DC7A815-D60E-42A3-9916-A7718300F961}.Release|ARM64.Build.0 = Release|Any CPU
		{1DC7A815-D60E-42A3-9916-A7718300F961}.Release|iPhone.ActiveCfg = Release|Any CPU
		{1DC7A815-D60E-42A3-9916-A7718300F961}.Release|iPhone.Build.0 = Release|Any CPU
		{1DC7A815-D60E-42A3-9916-A7718300F961}.Release|iPhoneSimulator.ActiveCfg = Release|Any CPU
		{1DC7A815-D60E-42A3-9916-A7718300F961}.Release|iPhoneSimulator.Build.0 = Release|Any CPU
		{1DC7A815-D60E-42A3-9916-A7718300F961}.Release|x64.ActiveCfg = Release|Any CPU
		{1DC7A815-D60E-42A3-9916-A7718300F961}.Release|x64.Build.0 = Release|Any CPU
		{1DC7A815-D60E-42A3-9916-A7718300F961}.Release|x86.ActiveCfg = Release|Any CPU
		{1DC7A815-D60E-42A3-9916-A7718300F961}.Release|x86.Build.0 = Release|Any CPU
		{50267D2C-B542-48F8-AB24-9A01A0DAD67D}.Ad-Hoc|Any CPU.ActiveCfg = Debug|Any CPU
		{50267D2C-B542-48F8-AB24-9A01A0DAD67D}.Ad-Hoc|Any CPU.Build.0 = Debug|Any CPU
		{50267D2C-B542-48F8-AB24-9A01A0DAD67D}.Ad-Hoc|ARM.ActiveCfg = Debug|Any CPU
		{50267D2C-B542-48F8-AB24-9A01A0DAD67D}.Ad-Hoc|ARM.Build.0 = Debug|Any CPU
		{50267D2C-B542-48F8-AB24-9A01A0DAD67D}.Ad-Hoc|ARM64.ActiveCfg = Debug|Any CPU
		{50267D2C-B542-48F8-AB24-9A01A0DAD67D}.Ad-Hoc|ARM64.Build.0 = Debug|Any CPU
		{50267D2C-B542-48F8-AB24-9A01A0DAD67D}.Ad-Hoc|iPhone.ActiveCfg = Debug|Any CPU
		{50267D2C-B542-48F8-AB24-9A01A0DAD67D}.Ad-Hoc|iPhone.Build.0 = Debug|Any CPU
		{50267D2C-B542-48F8-AB24-9A01A0DAD67D}.Ad-Hoc|iPhoneSimulator.ActiveCfg = Debug|Any CPU
		{50267D2C-B542-48F8-AB24-9A01A0DAD67D}.Ad-Hoc|iPhoneSimulator.Build.0 = Debug|Any CPU
		{50267D2C-B542-48F8-AB24-9A01A0DAD67D}.Ad-Hoc|x64.ActiveCfg = Debug|Any CPU
		{50267D2C-B542-48F8-AB24-9A01A0DAD67D}.Ad-Hoc|x64.Build.0 = Debug|Any CPU
		{50267D2C-B542-48F8-AB24-9A01A0DAD67D}.Ad-Hoc|x86.ActiveCfg = Debug|Any CPU
		{50267D2C-B542-48F8-AB24-9A01A0DAD67D}.Ad-Hoc|x86.Build.0 = Debug|Any CPU
		{50267D2C-B542-48F8-AB24-9A01A0DAD67D}.AppStore|Any CPU.ActiveCfg = Debug|Any CPU
		{50267D2C-B542-48F8-AB24-9A01A0DAD67D}.AppStore|Any CPU.Build.0 = Debug|Any CPU
		{50267D2C-B542-48F8-AB24-9A01A0DAD67D}.AppStore|ARM.ActiveCfg = Debug|Any CPU
		{50267D2C-B542-48F8-AB24-9A01A0DAD67D}.AppStore|ARM.Build.0 = Debug|Any CPU
		{50267D2C-B542-48F8-AB24-9A01A0DAD67D}.AppStore|ARM64.ActiveCfg = Debug|Any CPU
		{50267D2C-B542-48F8-AB24-9A01A0DAD67D}.AppStore|ARM64.Build.0 = Debug|Any CPU
		{50267D2C-B542-48F8-AB24-9A01A0DAD67D}.AppStore|iPhone.ActiveCfg = Debug|Any CPU
		{50267D2C-B542-48F8-AB24-9A01A0DAD67D}.AppStore|iPhone.Build.0 = Debug|Any CPU
		{50267D2C-B542-48F8-AB24-9A01A0DAD67D}.AppStore|iPhoneSimulator.ActiveCfg = Debug|Any CPU
		{50267D2C-B542-48F8-AB24-9A01A0DAD67D}.AppStore|iPhoneSimulator.Build.0 = Debug|Any CPU
		{50267D2C-B542-48F8-AB24-9A01A0DAD67D}.AppStore|x64.ActiveCfg = Debug|Any CPU
		{50267D2C-B542-48F8-AB24-9A01A0DAD67D}.AppStore|x64.Build.0 = Debug|Any CPU
		{50267D2C-B542-48F8-AB24-9A01A0DAD67D}.AppStore|x86.ActiveCfg = Debug|Any CPU
		{50267D2C-B542-48F8-AB24-9A01A0DAD67D}.AppStore|x86.Build.0 = Debug|Any CPU
		{50267D2C-B542-48F8-AB24-9A01A0DAD67D}.Debug|Any CPU.ActiveCfg = Debug|Any CPU
		{50267D2C-B542-48F8-AB24-9A01A0DAD67D}.Debug|Any CPU.Build.0 = Debug|Any CPU
		{50267D2C-B542-48F8-AB24-9A01A0DAD67D}.Debug|ARM.ActiveCfg = Debug|Any CPU
		{50267D2C-B542-48F8-AB24-9A01A0DAD67D}.Debug|ARM.Build.0 = Debug|Any CPU
		{50267D2C-B542-48F8-AB24-9A01A0DAD67D}.Debug|ARM64.ActiveCfg = Debug|Any CPU
		{50267D2C-B542-48F8-AB24-9A01A0DAD67D}.Debug|ARM64.Build.0 = Debug|Any CPU
		{50267D2C-B542-48F8-AB24-9A01A0DAD67D}.Debug|iPhone.ActiveCfg = Debug|Any CPU
		{50267D2C-B542-48F8-AB24-9A01A0DAD67D}.Debug|iPhone.Build.0 = Debug|Any CPU
		{50267D2C-B542-48F8-AB24-9A01A0DAD67D}.Debug|iPhoneSimulator.ActiveCfg = Debug|Any CPU
		{50267D2C-B542-48F8-AB24-9A01A0DAD67D}.Debug|iPhoneSimulator.Build.0 = Debug|Any CPU
		{50267D2C-B542-48F8-AB24-9A01A0DAD67D}.Debug|x64.ActiveCfg = Debug|Any CPU
		{50267D2C-B542-48F8-AB24-9A01A0DAD67D}.Debug|x64.Build.0 = Debug|Any CPU
		{50267D2C-B542-48F8-AB24-9A01A0DAD67D}.Debug|x86.ActiveCfg = Debug|Any CPU
		{50267D2C-B542-48F8-AB24-9A01A0DAD67D}.Debug|x86.Build.0 = Debug|Any CPU
		{50267D2C-B542-48F8-AB24-9A01A0DAD67D}.Release|Any CPU.ActiveCfg = Release|Any CPU
		{50267D2C-B542-48F8-AB24-9A01A0DAD67D}.Release|Any CPU.Build.0 = Release|Any CPU
		{50267D2C-B542-48F8-AB24-9A01A0DAD67D}.Release|ARM.ActiveCfg = Release|Any CPU
		{50267D2C-B542-48F8-AB24-9A01A0DAD67D}.Release|ARM.Build.0 = Release|Any CPU
		{50267D2C-B542-48F8-AB24-9A01A0DAD67D}.Release|ARM64.ActiveCfg = Release|Any CPU
		{50267D2C-B542-48F8-AB24-9A01A0DAD67D}.Release|ARM64.Build.0 = Release|Any CPU
		{50267D2C-B542-48F8-AB24-9A01A0DAD67D}.Release|iPhone.ActiveCfg = Release|Any CPU
		{50267D2C-B542-48F8-AB24-9A01A0DAD67D}.Release|iPhone.Build.0 = Release|Any CPU
		{50267D2C-B542-48F8-AB24-9A01A0DAD67D}.Release|iPhoneSimulator.ActiveCfg = Release|Any CPU
		{50267D2C-B542-48F8-AB24-9A01A0DAD67D}.Release|iPhoneSimulator.Build.0 = Release|Any CPU
		{50267D2C-B542-48F8-AB24-9A01A0DAD67D}.Release|x64.ActiveCfg = Release|Any CPU
		{50267D2C-B542-48F8-AB24-9A01A0DAD67D}.Release|x64.Build.0 = Release|Any CPU
		{50267D2C-B542-48F8-AB24-9A01A0DAD67D}.Release|x86.ActiveCfg = Release|Any CPU
		{50267D2C-B542-48F8-AB24-9A01A0DAD67D}.Release|x86.Build.0 = Release|Any CPU
		{485D167B-9772-4EBD-8F03-A5BE5F797B73}.Ad-Hoc|Any CPU.ActiveCfg = Debug|Any CPU
		{485D167B-9772-4EBD-8F03-A5BE5F797B73}.Ad-Hoc|Any CPU.Build.0 = Debug|Any CPU
		{485D167B-9772-4EBD-8F03-A5BE5F797B73}.Ad-Hoc|ARM.ActiveCfg = Debug|Any CPU
		{485D167B-9772-4EBD-8F03-A5BE5F797B73}.Ad-Hoc|ARM.Build.0 = Debug|Any CPU
		{485D167B-9772-4EBD-8F03-A5BE5F797B73}.Ad-Hoc|ARM64.ActiveCfg = Debug|Any CPU
		{485D167B-9772-4EBD-8F03-A5BE5F797B73}.Ad-Hoc|ARM64.Build.0 = Debug|Any CPU
		{485D167B-9772-4EBD-8F03-A5BE5F797B73}.Ad-Hoc|iPhone.ActiveCfg = Debug|Any CPU
		{485D167B-9772-4EBD-8F03-A5BE5F797B73}.Ad-Hoc|iPhone.Build.0 = Debug|Any CPU
		{485D167B-9772-4EBD-8F03-A5BE5F797B73}.Ad-Hoc|iPhoneSimulator.ActiveCfg = Debug|Any CPU
		{485D167B-9772-4EBD-8F03-A5BE5F797B73}.Ad-Hoc|iPhoneSimulator.Build.0 = Debug|Any CPU
		{485D167B-9772-4EBD-8F03-A5BE5F797B73}.Ad-Hoc|x64.ActiveCfg = Debug|Any CPU
		{485D167B-9772-4EBD-8F03-A5BE5F797B73}.Ad-Hoc|x64.Build.0 = Debug|Any CPU
		{485D167B-9772-4EBD-8F03-A5BE5F797B73}.Ad-Hoc|x86.ActiveCfg = Debug|Any CPU
		{485D167B-9772-4EBD-8F03-A5BE5F797B73}.Ad-Hoc|x86.Build.0 = Debug|Any CPU
		{485D167B-9772-4EBD-8F03-A5BE5F797B73}.AppStore|Any CPU.ActiveCfg = Debug|Any CPU
		{485D167B-9772-4EBD-8F03-A5BE5F797B73}.AppStore|Any CPU.Build.0 = Debug|Any CPU
		{485D167B-9772-4EBD-8F03-A5BE5F797B73}.AppStore|ARM.ActiveCfg = Debug|Any CPU
		{485D167B-9772-4EBD-8F03-A5BE5F797B73}.AppStore|ARM.Build.0 = Debug|Any CPU
		{485D167B-9772-4EBD-8F03-A5BE5F797B73}.AppStore|ARM64.ActiveCfg = Debug|Any CPU
		{485D167B-9772-4EBD-8F03-A5BE5F797B73}.AppStore|ARM64.Build.0 = Debug|Any CPU
		{485D167B-9772-4EBD-8F03-A5BE5F797B73}.AppStore|iPhone.ActiveCfg = Debug|Any CPU
		{485D167B-9772-4EBD-8F03-A5BE5F797B73}.AppStore|iPhone.Build.0 = Debug|Any CPU
		{485D167B-9772-4EBD-8F03-A5BE5F797B73}.AppStore|iPhoneSimulator.ActiveCfg = Debug|Any CPU
		{485D167B-9772-4EBD-8F03-A5BE5F797B73}.AppStore|iPhoneSimulator.Build.0 = Debug|Any CPU
		{485D167B-9772-4EBD-8F03-A5BE5F797B73}.AppStore|x64.ActiveCfg = Debug|Any CPU
		{485D167B-9772-4EBD-8F03-A5BE5F797B73}.AppStore|x64.Build.0 = Debug|Any CPU
		{485D167B-9772-4EBD-8F03-A5BE5F797B73}.AppStore|x86.ActiveCfg = Debug|Any CPU
		{485D167B-9772-4EBD-8F03-A5BE5F797B73}.AppStore|x86.Build.0 = Debug|Any CPU
		{485D167B-9772-4EBD-8F03-A5BE5F797B73}.Debug|Any CPU.ActiveCfg = Debug|Any CPU
		{485D167B-9772-4EBD-8F03-A5BE5F797B73}.Debug|Any CPU.Build.0 = Debug|Any CPU
		{485D167B-9772-4EBD-8F03-A5BE5F797B73}.Debug|ARM.ActiveCfg = Debug|Any CPU
		{485D167B-9772-4EBD-8F03-A5BE5F797B73}.Debug|ARM.Build.0 = Debug|Any CPU
		{485D167B-9772-4EBD-8F03-A5BE5F797B73}.Debug|ARM64.ActiveCfg = Debug|Any CPU
		{485D167B-9772-4EBD-8F03-A5BE5F797B73}.Debug|ARM64.Build.0 = Debug|Any CPU
		{485D167B-9772-4EBD-8F03-A5BE5F797B73}.Debug|iPhone.ActiveCfg = Debug|Any CPU
		{485D167B-9772-4EBD-8F03-A5BE5F797B73}.Debug|iPhone.Build.0 = Debug|Any CPU
		{485D167B-9772-4EBD-8F03-A5BE5F797B73}.Debug|iPhoneSimulator.ActiveCfg = Debug|Any CPU
		{485D167B-9772-4EBD-8F03-A5BE5F797B73}.Debug|iPhoneSimulator.Build.0 = Debug|Any CPU
		{485D167B-9772-4EBD-8F03-A5BE5F797B73}.Debug|x64.ActiveCfg = Debug|Any CPU
		{485D167B-9772-4EBD-8F03-A5BE5F797B73}.Debug|x64.Build.0 = Debug|Any CPU
		{485D167B-9772-4EBD-8F03-A5BE5F797B73}.Debug|x86.ActiveCfg = Debug|Any CPU
		{485D167B-9772-4EBD-8F03-A5BE5F797B73}.Debug|x86.Build.0 = Debug|Any CPU
		{485D167B-9772-4EBD-8F03-A5BE5F797B73}.Release|Any CPU.ActiveCfg = Release|Any CPU
		{485D167B-9772-4EBD-8F03-A5BE5F797B73}.Release|Any CPU.Build.0 = Release|Any CPU
		{485D167B-9772-4EBD-8F03-A5BE5F797B73}.Release|ARM.ActiveCfg = Release|Any CPU
		{485D167B-9772-4EBD-8F03-A5BE5F797B73}.Release|ARM.Build.0 = Release|Any CPU
		{485D167B-9772-4EBD-8F03-A5BE5F797B73}.Release|ARM64.ActiveCfg = Release|Any CPU
		{485D167B-9772-4EBD-8F03-A5BE5F797B73}.Release|ARM64.Build.0 = Release|Any CPU
		{485D167B-9772-4EBD-8F03-A5BE5F797B73}.Release|iPhone.ActiveCfg = Release|Any CPU
		{485D167B-9772-4EBD-8F03-A5BE5F797B73}.Release|iPhone.Build.0 = Release|Any CPU
		{485D167B-9772-4EBD-8F03-A5BE5F797B73}.Release|iPhoneSimulator.ActiveCfg = Release|Any CPU
		{485D167B-9772-4EBD-8F03-A5BE5F797B73}.Release|iPhoneSimulator.Build.0 = Release|Any CPU
		{485D167B-9772-4EBD-8F03-A5BE5F797B73}.Release|x64.ActiveCfg = Release|Any CPU
		{485D167B-9772-4EBD-8F03-A5BE5F797B73}.Release|x64.Build.0 = Release|Any CPU
		{485D167B-9772-4EBD-8F03-A5BE5F797B73}.Release|x86.ActiveCfg = Release|Any CPU
		{485D167B-9772-4EBD-8F03-A5BE5F797B73}.Release|x86.Build.0 = Release|Any CPU
		{F1CDBFBA-6E2C-4ED0-91AA-BECEA09C26AA}.Ad-Hoc|Any CPU.ActiveCfg = Debug|Any CPU
		{F1CDBFBA-6E2C-4ED0-91AA-BECEA09C26AA}.Ad-Hoc|Any CPU.Build.0 = Debug|Any CPU
		{F1CDBFBA-6E2C-4ED0-91AA-BECEA09C26AA}.Ad-Hoc|ARM.ActiveCfg = Debug|Any CPU
		{F1CDBFBA-6E2C-4ED0-91AA-BECEA09C26AA}.Ad-Hoc|ARM.Build.0 = Debug|Any CPU
		{F1CDBFBA-6E2C-4ED0-91AA-BECEA09C26AA}.Ad-Hoc|ARM64.ActiveCfg = Debug|Any CPU
		{F1CDBFBA-6E2C-4ED0-91AA-BECEA09C26AA}.Ad-Hoc|ARM64.Build.0 = Debug|Any CPU
		{F1CDBFBA-6E2C-4ED0-91AA-BECEA09C26AA}.Ad-Hoc|iPhone.ActiveCfg = Debug|Any CPU
		{F1CDBFBA-6E2C-4ED0-91AA-BECEA09C26AA}.Ad-Hoc|iPhone.Build.0 = Debug|Any CPU
		{F1CDBFBA-6E2C-4ED0-91AA-BECEA09C26AA}.Ad-Hoc|iPhoneSimulator.ActiveCfg = Debug|Any CPU
		{F1CDBFBA-6E2C-4ED0-91AA-BECEA09C26AA}.Ad-Hoc|iPhoneSimulator.Build.0 = Debug|Any CPU
		{F1CDBFBA-6E2C-4ED0-91AA-BECEA09C26AA}.Ad-Hoc|x64.ActiveCfg = Debug|Any CPU
		{F1CDBFBA-6E2C-4ED0-91AA-BECEA09C26AA}.Ad-Hoc|x64.Build.0 = Debug|Any CPU
		{F1CDBFBA-6E2C-4ED0-91AA-BECEA09C26AA}.Ad-Hoc|x86.ActiveCfg = Debug|Any CPU
		{F1CDBFBA-6E2C-4ED0-91AA-BECEA09C26AA}.Ad-Hoc|x86.Build.0 = Debug|Any CPU
		{F1CDBFBA-6E2C-4ED0-91AA-BECEA09C26AA}.AppStore|Any CPU.ActiveCfg = Debug|Any CPU
		{F1CDBFBA-6E2C-4ED0-91AA-BECEA09C26AA}.AppStore|Any CPU.Build.0 = Debug|Any CPU
		{F1CDBFBA-6E2C-4ED0-91AA-BECEA09C26AA}.AppStore|ARM.ActiveCfg = Debug|Any CPU
		{F1CDBFBA-6E2C-4ED0-91AA-BECEA09C26AA}.AppStore|ARM.Build.0 = Debug|Any CPU
		{F1CDBFBA-6E2C-4ED0-91AA-BECEA09C26AA}.AppStore|ARM64.ActiveCfg = Debug|Any CPU
		{F1CDBFBA-6E2C-4ED0-91AA-BECEA09C26AA}.AppStore|ARM64.Build.0 = Debug|Any CPU
		{F1CDBFBA-6E2C-4ED0-91AA-BECEA09C26AA}.AppStore|iPhone.ActiveCfg = Debug|Any CPU
		{F1CDBFBA-6E2C-4ED0-91AA-BECEA09C26AA}.AppStore|iPhone.Build.0 = Debug|Any CPU
		{F1CDBFBA-6E2C-4ED0-91AA-BECEA09C26AA}.AppStore|iPhoneSimulator.ActiveCfg = Debug|Any CPU
		{F1CDBFBA-6E2C-4ED0-91AA-BECEA09C26AA}.AppStore|iPhoneSimulator.Build.0 = Debug|Any CPU
		{F1CDBFBA-6E2C-4ED0-91AA-BECEA09C26AA}.AppStore|x64.ActiveCfg = Debug|Any CPU
		{F1CDBFBA-6E2C-4ED0-91AA-BECEA09C26AA}.AppStore|x64.Build.0 = Debug|Any CPU
		{F1CDBFBA-6E2C-4ED0-91AA-BECEA09C26AA}.AppStore|x86.ActiveCfg = Debug|Any CPU
		{F1CDBFBA-6E2C-4ED0-91AA-BECEA09C26AA}.AppStore|x86.Build.0 = Debug|Any CPU
		{F1CDBFBA-6E2C-4ED0-91AA-BECEA09C26AA}.Debug|Any CPU.ActiveCfg = Debug|Any CPU
		{F1CDBFBA-6E2C-4ED0-91AA-BECEA09C26AA}.Debug|Any CPU.Build.0 = Debug|Any CPU
		{F1CDBFBA-6E2C-4ED0-91AA-BECEA09C26AA}.Debug|ARM.ActiveCfg = Debug|Any CPU
		{F1CDBFBA-6E2C-4ED0-91AA-BECEA09C26AA}.Debug|ARM.Build.0 = Debug|Any CPU
		{F1CDBFBA-6E2C-4ED0-91AA-BECEA09C26AA}.Debug|ARM64.ActiveCfg = Debug|Any CPU
		{F1CDBFBA-6E2C-4ED0-91AA-BECEA09C26AA}.Debug|ARM64.Build.0 = Debug|Any CPU
		{F1CDBFBA-6E2C-4ED0-91AA-BECEA09C26AA}.Debug|iPhone.ActiveCfg = Debug|Any CPU
		{F1CDBFBA-6E2C-4ED0-91AA-BECEA09C26AA}.Debug|iPhone.Build.0 = Debug|Any CPU
		{F1CDBFBA-6E2C-4ED0-91AA-BECEA09C26AA}.Debug|iPhoneSimulator.ActiveCfg = Debug|Any CPU
		{F1CDBFBA-6E2C-4ED0-91AA-BECEA09C26AA}.Debug|iPhoneSimulator.Build.0 = Debug|Any CPU
		{F1CDBFBA-6E2C-4ED0-91AA-BECEA09C26AA}.Debug|x64.ActiveCfg = Debug|Any CPU
		{F1CDBFBA-6E2C-4ED0-91AA-BECEA09C26AA}.Debug|x64.Build.0 = Debug|Any CPU
		{F1CDBFBA-6E2C-4ED0-91AA-BECEA09C26AA}.Debug|x86.ActiveCfg = Debug|Any CPU
		{F1CDBFBA-6E2C-4ED0-91AA-BECEA09C26AA}.Debug|x86.Build.0 = Debug|Any CPU
		{F1CDBFBA-6E2C-4ED0-91AA-BECEA09C26AA}.Release|Any CPU.ActiveCfg = Release|Any CPU
		{F1CDBFBA-6E2C-4ED0-91AA-BECEA09C26AA}.Release|Any CPU.Build.0 = Release|Any CPU
		{F1CDBFBA-6E2C-4ED0-91AA-BECEA09C26AA}.Release|ARM.ActiveCfg = Release|Any CPU
		{F1CDBFBA-6E2C-4ED0-91AA-BECEA09C26AA}.Release|ARM.Build.0 = Release|Any CPU
		{F1CDBFBA-6E2C-4ED0-91AA-BECEA09C26AA}.Release|ARM64.ActiveCfg = Release|Any CPU
		{F1CDBFBA-6E2C-4ED0-91AA-BECEA09C26AA}.Release|ARM64.Build.0 = Release|Any CPU
		{F1CDBFBA-6E2C-4ED0-91AA-BECEA09C26AA}.Release|iPhone.ActiveCfg = Release|Any CPU
		{F1CDBFBA-6E2C-4ED0-91AA-BECEA09C26AA}.Release|iPhone.Build.0 = Release|Any CPU
		{F1CDBFBA-6E2C-4ED0-91AA-BECEA09C26AA}.Release|iPhoneSimulator.ActiveCfg = Release|Any CPU
		{F1CDBFBA-6E2C-4ED0-91AA-BECEA09C26AA}.Release|iPhoneSimulator.Build.0 = Release|Any CPU
		{F1CDBFBA-6E2C-4ED0-91AA-BECEA09C26AA}.Release|x64.ActiveCfg = Release|Any CPU
		{F1CDBFBA-6E2C-4ED0-91AA-BECEA09C26AA}.Release|x64.Build.0 = Release|Any CPU
		{F1CDBFBA-6E2C-4ED0-91AA-BECEA09C26AA}.Release|x86.ActiveCfg = Release|Any CPU
		{F1CDBFBA-6E2C-4ED0-91AA-BECEA09C26AA}.Release|x86.Build.0 = Release|Any CPU
		{2C92FEA4-678E-40A5-BB8A-5348D3789ECC}.Ad-Hoc|Any CPU.ActiveCfg = Debug|Any CPU
		{2C92FEA4-678E-40A5-BB8A-5348D3789ECC}.Ad-Hoc|Any CPU.Build.0 = Debug|Any CPU
		{2C92FEA4-678E-40A5-BB8A-5348D3789ECC}.Ad-Hoc|ARM.ActiveCfg = Debug|Any CPU
		{2C92FEA4-678E-40A5-BB8A-5348D3789ECC}.Ad-Hoc|ARM.Build.0 = Debug|Any CPU
		{2C92FEA4-678E-40A5-BB8A-5348D3789ECC}.Ad-Hoc|ARM64.ActiveCfg = Debug|Any CPU
		{2C92FEA4-678E-40A5-BB8A-5348D3789ECC}.Ad-Hoc|ARM64.Build.0 = Debug|Any CPU
		{2C92FEA4-678E-40A5-BB8A-5348D3789ECC}.Ad-Hoc|iPhone.ActiveCfg = Debug|Any CPU
		{2C92FEA4-678E-40A5-BB8A-5348D3789ECC}.Ad-Hoc|iPhone.Build.0 = Debug|Any CPU
		{2C92FEA4-678E-40A5-BB8A-5348D3789ECC}.Ad-Hoc|iPhoneSimulator.ActiveCfg = Debug|Any CPU
		{2C92FEA4-678E-40A5-BB8A-5348D3789ECC}.Ad-Hoc|iPhoneSimulator.Build.0 = Debug|Any CPU
		{2C92FEA4-678E-40A5-BB8A-5348D3789ECC}.Ad-Hoc|x64.ActiveCfg = Debug|Any CPU
		{2C92FEA4-678E-40A5-BB8A-5348D3789ECC}.Ad-Hoc|x64.Build.0 = Debug|Any CPU
		{2C92FEA4-678E-40A5-BB8A-5348D3789ECC}.Ad-Hoc|x86.ActiveCfg = Debug|Any CPU
		{2C92FEA4-678E-40A5-BB8A-5348D3789ECC}.Ad-Hoc|x86.Build.0 = Debug|Any CPU
		{2C92FEA4-678E-40A5-BB8A-5348D3789ECC}.AppStore|Any CPU.ActiveCfg = Debug|Any CPU
		{2C92FEA4-678E-40A5-BB8A-5348D3789ECC}.AppStore|Any CPU.Build.0 = Debug|Any CPU
		{2C92FEA4-678E-40A5-BB8A-5348D3789ECC}.AppStore|ARM.ActiveCfg = Debug|Any CPU
		{2C92FEA4-678E-40A5-BB8A-5348D3789ECC}.AppStore|ARM.Build.0 = Debug|Any CPU
		{2C92FEA4-678E-40A5-BB8A-5348D3789ECC}.AppStore|ARM64.ActiveCfg = Debug|Any CPU
		{2C92FEA4-678E-40A5-BB8A-5348D3789ECC}.AppStore|ARM64.Build.0 = Debug|Any CPU
		{2C92FEA4-678E-40A5-BB8A-5348D3789ECC}.AppStore|iPhone.ActiveCfg = Debug|Any CPU
		{2C92FEA4-678E-40A5-BB8A-5348D3789ECC}.AppStore|iPhone.Build.0 = Debug|Any CPU
		{2C92FEA4-678E-40A5-BB8A-5348D3789ECC}.AppStore|iPhoneSimulator.ActiveCfg = Debug|Any CPU
		{2C92FEA4-678E-40A5-BB8A-5348D3789ECC}.AppStore|iPhoneSimulator.Build.0 = Debug|Any CPU
		{2C92FEA4-678E-40A5-BB8A-5348D3789ECC}.AppStore|x64.ActiveCfg = Debug|Any CPU
		{2C92FEA4-678E-40A5-BB8A-5348D3789ECC}.AppStore|x64.Build.0 = Debug|Any CPU
		{2C92FEA4-678E-40A5-BB8A-5348D3789ECC}.AppStore|x86.ActiveCfg = Debug|Any CPU
		{2C92FEA4-678E-40A5-BB8A-5348D3789ECC}.AppStore|x86.Build.0 = Debug|Any CPU
		{2C92FEA4-678E-40A5-BB8A-5348D3789ECC}.Debug|Any CPU.ActiveCfg = Debug|Any CPU
		{2C92FEA4-678E-40A5-BB8A-5348D3789ECC}.Debug|Any CPU.Build.0 = Debug|Any CPU
		{2C92FEA4-678E-40A5-BB8A-5348D3789ECC}.Debug|ARM.ActiveCfg = Debug|Any CPU
		{2C92FEA4-678E-40A5-BB8A-5348D3789ECC}.Debug|ARM.Build.0 = Debug|Any CPU
		{2C92FEA4-678E-40A5-BB8A-5348D3789ECC}.Debug|ARM64.ActiveCfg = Debug|Any CPU
		{2C92FEA4-678E-40A5-BB8A-5348D3789ECC}.Debug|ARM64.Build.0 = Debug|Any CPU
		{2C92FEA4-678E-40A5-BB8A-5348D3789ECC}.Debug|iPhone.ActiveCfg = Debug|Any CPU
		{2C92FEA4-678E-40A5-BB8A-5348D3789ECC}.Debug|iPhone.Build.0 = Debug|Any CPU
		{2C92FEA4-678E-40A5-BB8A-5348D3789ECC}.Debug|iPhoneSimulator.ActiveCfg = Debug|Any CPU
		{2C92FEA4-678E-40A5-BB8A-5348D3789ECC}.Debug|iPhoneSimulator.Build.0 = Debug|Any CPU
		{2C92FEA4-678E-40A5-BB8A-5348D3789ECC}.Debug|x64.ActiveCfg = Debug|Any CPU
		{2C92FEA4-678E-40A5-BB8A-5348D3789ECC}.Debug|x64.Build.0 = Debug|Any CPU
		{2C92FEA4-678E-40A5-BB8A-5348D3789ECC}.Debug|x86.ActiveCfg = Debug|Any CPU
		{2C92FEA4-678E-40A5-BB8A-5348D3789ECC}.Debug|x86.Build.0 = Debug|Any CPU
		{2C92FEA4-678E-40A5-BB8A-5348D3789ECC}.Release|Any CPU.ActiveCfg = Release|Any CPU
		{2C92FEA4-678E-40A5-BB8A-5348D3789ECC}.Release|Any CPU.Build.0 = Release|Any CPU
		{2C92FEA4-678E-40A5-BB8A-5348D3789ECC}.Release|ARM.ActiveCfg = Release|Any CPU
		{2C92FEA4-678E-40A5-BB8A-5348D3789ECC}.Release|ARM.Build.0 = Release|Any CPU
		{2C92FEA4-678E-40A5-BB8A-5348D3789ECC}.Release|ARM64.ActiveCfg = Release|Any CPU
		{2C92FEA4-678E-40A5-BB8A-5348D3789ECC}.Release|ARM64.Build.0 = Release|Any CPU
		{2C92FEA4-678E-40A5-BB8A-5348D3789ECC}.Release|iPhone.ActiveCfg = Release|Any CPU
		{2C92FEA4-678E-40A5-BB8A-5348D3789ECC}.Release|iPhone.Build.0 = Release|Any CPU
		{2C92FEA4-678E-40A5-BB8A-5348D3789ECC}.Release|iPhoneSimulator.ActiveCfg = Release|Any CPU
		{2C92FEA4-678E-40A5-BB8A-5348D3789ECC}.Release|iPhoneSimulator.Build.0 = Release|Any CPU
		{2C92FEA4-678E-40A5-BB8A-5348D3789ECC}.Release|x64.ActiveCfg = Release|Any CPU
		{2C92FEA4-678E-40A5-BB8A-5348D3789ECC}.Release|x64.Build.0 = Release|Any CPU
		{2C92FEA4-678E-40A5-BB8A-5348D3789ECC}.Release|x86.ActiveCfg = Release|Any CPU
		{2C92FEA4-678E-40A5-BB8A-5348D3789ECC}.Release|x86.Build.0 = Release|Any CPU
	EndGlobalSection
	GlobalSection(SolutionProperties) = preSolution
		HideSolutionNode = FALSE
	EndGlobalSection
	GlobalSection(NestedProjects) = preSolution
		{C82A435C-54E3-404D-BBB3-351611242201} = {2EC67644-F568-4471-84A1-BB39C5317694}
		{B59ED7E2-454E-45F5-86D7-7E0E4A59730C} = {2EC67644-F568-4471-84A1-BB39C5317694}
		{B48A8982-6585-4B98-ADF4-8C28A3C08897} = {2EC67644-F568-4471-84A1-BB39C5317694}
		{DB7A1334-B053-47DF-9749-942BA8DCD9CD} = {2EC67644-F568-4471-84A1-BB39C5317694}
		{FBB80842-A687-48F6-9783-F4CC199AEC63} = {2EC67644-F568-4471-84A1-BB39C5317694}
		{1DC7A815-D60E-42A3-9916-A7718300F961} = {2EC67644-F568-4471-84A1-BB39C5317694}
		{50267D2C-B542-48F8-AB24-9A01A0DAD67D} = {2EC67644-F568-4471-84A1-BB39C5317694}
		{485D167B-9772-4EBD-8F03-A5BE5F797B73} = {2EC67644-F568-4471-84A1-BB39C5317694}
		{F1CDBFBA-6E2C-4ED0-91AA-BECEA09C26AA} = {2EC67644-F568-4471-84A1-BB39C5317694}
	EndGlobalSection
	GlobalSection(ExtensibilityGlobals) = postSolution
		SolutionGuid = {794B6A1C-5F70-4FFF-9CCE-54110CB1CC59}
	EndGlobalSection
EndGlobal
